
Microsoft Visual Studio Solution File, Format Version 12.00
# Visual Studio 15
VisualStudioVersion = 15.0.27004.2010
MinimumVisualStudioVersion = 10.0.40219.1
Project("{888888A0-9F3D-457C-B088-3A5042F75D52}") = "DiceRoll", "DiceRoll\DiceRoll.pyproj", "{411E9CF0-9092-4361-907C-068AE6F1E3CA}"
EndProject
Global
	GlobalSection(SolutionConfigurationPlatforms) = preSolution
		Debug|Any CPU = Debug|Any CPU
		Release|Any CPU = Release|Any CPU
	EndGlobalSection
	GlobalSection(ProjectConfigurationPlatforms) = postSolution
		{411E9CF0-9092-4361-907C-068AE6F1E3CA}.Debug|Any CPU.ActiveCfg = Debug|Any CPU
		{411E9CF0-9092-4361-907C-068AE6F1E3CA}.Release|Any CPU.ActiveCfg = Release|Any CPU
	EndGlobalSection
	GlobalSection(SolutionProperties) = preSolution
		HideSolutionNode = FALSE
	EndGlobalSection
	GlobalSection(ExtensibilityGlobals) = postSolution
		SolutionGuid = {88DD9470-8A02-48D5-8403-EAA745C18BC5}
	EndGlobalSection
EndGlobal
